
Microsoft Visual Studio Solution File, Format Version 12.00
# Visual Studio Version 17
VisualStudioVersion = 17.1.32228.430
MinimumVisualStudioVersion = 10.0.40219.1
Project("{FAE04EC0-301F-11D3-BF4B-00C04F79EFBC}") = "AreaOfCircle", "AreaOfCircle\AreaOfCircle.csproj", "{3250A1B0-C7C0-4788-BA61-35F8C5AF1C67}"
EndProject
Global
	GlobalSection(SolutionConfigurationPlatforms) = preSolution
		Debug|Any CPU = Debug|Any CPU
		Release|Any CPU = Release|Any CPU
	EndGlobalSection
	GlobalSection(ProjectConfigurationPlatforms) = postSolution
		{3250A1B0-C7C0-4788-BA61-35F8C5AF1C67}.Debug|Any CPU.ActiveCfg = Debug|Any CPU
		{3250A1B0-C7C0-4788-BA61-35F8C5AF1C67}.Debug|Any CPU.Build.0 = Debug|Any CPU
		{3250A1B0-C7C0-4788-BA61-35F8C5AF1C67}.Release|Any CPU.ActiveCfg = Release|Any CPU
		{3250A1B0-C7C0-4788-BA61-35F8C5AF1C67}.Release|Any CPU.Build.0 = Release|Any CPU
	EndGlobalSection
	GlobalSection(SolutionProperties) = preSolution
		HideSolutionNode = FALSE
	EndGlobalSection
	GlobalSection(ExtensibilityGlobals) = postSolution
		SolutionGuid = {AC10E5B5-C87F-4B38-AE46-B560F8331B3A}
	EndGlobalSection
EndGlobal
