
Microsoft Visual Studio Solution File, Format Version 12.00
# Visual Studio Version 17
VisualStudioVersion = 17.1.32228.430
MinimumVisualStudioVersion = 10.0.40219.1
Project("{FAE04EC0-301F-11D3-BF4B-00C04F79EFBC}") = "ConsoleClassExample", "ConsoleClassExample\ConsoleClassExample.csproj", "{86A49B6D-AD7B-4BB1-ABA7-30C5B83D3E15}"
EndProject
Global
	GlobalSection(SolutionConfigurationPlatforms) = preSolution
		Debug|Any CPU = Debug|Any CPU
		Release|Any CPU = Release|Any CPU
	EndGlobalSection
	GlobalSection(ProjectConfigurationPlatforms) = postSolution
		{86A49B6D-AD7B-4BB1-ABA7-30C5B83D3E15}.Debug|Any CPU.ActiveCfg = Debug|Any CPU
		{86A49B6D-AD7B-4BB1-ABA7-30C5B83D3E15}.Debug|Any CPU.Build.0 = Debug|Any CPU
		{86A49B6D-AD7B-4BB1-ABA7-30C5B83D3E15}.Release|Any CPU.ActiveCfg = Release|Any CPU
		{86A49B6D-AD7B-4BB1-ABA7-30C5B83D3E15}.Release|Any CPU.Build.0 = Release|Any CPU
	EndGlobalSection
	GlobalSection(SolutionProperties) = preSolution
		HideSolutionNode = FALSE
	EndGlobalSection
	GlobalSection(ExtensibilityGlobals) = postSolution
		SolutionGuid = {64E0FD21-901E-479F-B80F-5B37116DEB31}
	EndGlobalSection
EndGlobal
